# THIS IS AN AUTOGENERATED FILE. DO NOT EDIT THIS FILE DIRECTLY.
# yarn lockfile v1


"@babel/runtime@^7.3.1":
  version "7.7.6"
  resolved "https://registry.yarnpkg.com/@babel/runtime/-/runtime-7.7.6.tgz#d18c511121aff1b4f2cd1d452f1bac9601dd830f"
  integrity sha512-BWAJxpNVa0QlE5gZdWjSxXtemZyZ9RmrmVozxt3NUXeZhVIJ5ANyqmMc0JDrivBZyxUuQvFxlvH4OWWOogGfUw==
  dependencies:
    regenerator-runtime "^0.13.2"

"@react-spring/addons@9.0.0-canary.809.5.f01ecc2":
  version "9.0.0-canary.809.5.f01ecc2"
  resolved "https://registry.yarnpkg.com/@react-spring/addons/-/addons-9.0.0-canary.809.5.f01ecc2.tgz#087a4c43732bd7ecbf7bf0cba595cb2cbc874ef4"
  integrity sha512-YBZhmzdpfLOOA3ty79cZKc3RPIzlaOCUGCJRdTls+5uDr42254KwtniswhsqY0NeDzOISXQHVvrhOYlIkKqa6w==
  dependencies:
    "@babel/runtime" "^7.3.1"
    "@react-spring/animated" "9.0.0-canary.809.5.f01ecc2"
    "@react-spring/core" "9.0.0-canary.809.5.f01ecc2"
    use-memo-one "^1.1.0"

"@react-spring/animated@9.0.0-canary.809.5.f01ecc2":
  version "9.0.0-canary.809.5.f01ecc2"
  resolved "https://registry.yarnpkg.com/@react-spring/animated/-/animated-9.0.0-canary.809.5.f01ecc2.tgz#432171eb77f19cca7968e162ffcbff8a59fe956e"
  integrity sha512-6TtJDGmkllsQDiaQhtS0EYYP33bFdIECXSL+BW4IJCHv6ae9clrmrng3sLLFTDTtHpZxNETjehtG05+8vdwYQw==
  dependencies:
    "@babel/runtime" "^7.3.1"
    "@react-spring/shared" "9.0.0-canary.809.5.f01ecc2"

"@react-spring/core@9.0.0-canary.809.5.f01ecc2":
  version "9.0.0-canary.809.5.f01ecc2"
  resolved "https://registry.yarnpkg.com/@react-spring/core/-/core-9.0.0-canary.809.5.f01ecc2.tgz#7a3e22017c5fd43937706ca7b8aacb5c72a969d3"
  integrity sha512-YJL6MXJzcCSXLtioCRfI/fhKx2BT5Wti/FGlrnb3ISVNLMGb4RyucLJyDHzEIVXR8NxZ8i9n2EMEgJYOV/QoLA==
  dependencies:
    "@babel/runtime" "^7.3.1"
    "@react-spring/animated" "9.0.0-canary.809.5.f01ecc2"
    "@react-spring/shared" "9.0.0-canary.809.5.f01ecc2"
    use-memo-one "^1.1.0"

"@react-spring/konva@9.0.0-canary.809.5.f01ecc2":
  version "9.0.0-canary.809.5.f01ecc2"
  resolved "https://registry.yarnpkg.com/@react-spring/konva/-/konva-9.0.0-canary.809.5.f01ecc2.tgz#09e938a650a6522d857f0434a551d69bf0aa4e3a"
  integrity sha512-iSS8yOD7hqJzCr8lj/PxqRqAiazXjNpedkjOw7IqQOwVf6euR2Yu8GyRnCla7qGvRLxfUN9n5Sapn81QzD29Ag==
  dependencies:
    "@babel/runtime" "^7.3.1"
    "@react-spring/animated" "9.0.0-canary.809.5.f01ecc2"
    "@react-spring/core" "9.0.0-canary.809.5.f01ecc2"
    "@react-spring/shared" "9.0.0-canary.809.5.f01ecc2"

"@react-spring/native@9.0.0-canary.809.5.f01ecc2":
  version "9.0.0-canary.809.5.f01ecc2"
  resolved "https://registry.yarnpkg.com/@react-spring/native/-/native-9.0.0-canary.809.5.f01ecc2.tgz#eaef7cca7f95922adff1603b873f55e988aa0ea6"
  integrity sha512-roD+XbwLdOFF8OmzP33KqY3ifgLwHfrujiOZclwWZjcDQDbzetpSny8pneJVhmlXovAruwcqFkibbRdXZP4jyA==
  dependencies:
    "@babel/runtime" "^7.3.1"
    "@react-spring/animated" "9.0.0-canary.809.5.f01ecc2"
    "@react-spring/core" "9.0.0-canary.809.5.f01ecc2"
    "@react-spring/shared" "9.0.0-canary.809.5.f01ecc2"

"@react-spring/shared@9.0.0-canary.809.5.f01ecc2":
  version "9.0.0-canary.809.5.f01ecc2"
  resolved "https://registry.yarnpkg.com/@react-spring/shared/-/shared-9.0.0-canary.809.5.f01ecc2.tgz#f1a4a69a9d425f53a8ff397283728d19b44828aa"
  integrity sha512-CJNOB7cr7BNknLQoy0IToKb+G2fdt1yu9QZLXCIX0edoGkAzRIb4S51bSgN8Tuoml+stnPUGjuB7B3Sore4E2Q==
  dependencies:
    "@babel/runtime" "^7.3.1"

"@react-spring/three@9.0.0-canary.809.5.f01ecc2":
  version "9.0.0-canary.809.5.f01ecc2"
  resolved "https://registry.yarnpkg.com/@react-spring/three/-/three-9.0.0-canary.809.5.f01ecc2.tgz#17e288a7a65e07d7e164da022a15874d29367f6e"
  integrity sha512-/v2ijjenLup7yXirMl+pC0WaS/X4uretsIZIjjpVqhDWQGlRzNeDjugdeoCYxCdPE5p0P0i4TGNKkzcSI1YLoA==
  dependencies:
    "@babel/runtime" "^7.3.1"
    "@react-spring/animated" "9.0.0-canary.809.5.f01ecc2"
    "@react-spring/core" "9.0.0-canary.809.5.f01ecc2"
    "@react-spring/shared" "9.0.0-canary.809.5.f01ecc2"

"@react-spring/web@9.0.0-canary.809.5.f01ecc2":
  version "9.0.0-canary.809.5.f01ecc2"
  resolved "https://registry.yarnpkg.com/@react-spring/web/-/web-9.0.0-canary.809.5.f01ecc2.tgz#aa13c8facc92541262fa4f7c317270ba9f92c370"
  integrity sha512-doPr7k7E8O4ozqEcULLZrthRBmYeVcy3F5hg/hH4m1/10HJVhEKM5jWUvKUPh6l080XZh43pyJWpAP8kjP2fMw==
  dependencies:
    "@babel/runtime" "^7.3.1"
    "@react-spring/animated" "9.0.0-canary.809.5.f01ecc2"
    "@react-spring/core" "9.0.0-canary.809.5.f01ecc2"
    "@react-spring/shared" "9.0.0-canary.809.5.f01ecc2"

"@react-spring/zdog@9.0.0-canary.809.5.f01ecc2":
  version "9.0.0-canary.809.5.f01ecc2"
  resolved "https://registry.yarnpkg.com/@react-spring/zdog/-/zdog-9.0.0-canary.809.5.f01ecc2.tgz#81712d9715a67da23767e3be1489dddeb7cc9af4"
  integrity sha512-+TRc7f+kuPNZaw5cyCjiE/m4vC9O3fpz4p57+H/sOGfXDGfvdKByv4D9/QnEV3lpVq5PfFQJrY/Iyg213kJbUA==
  dependencies:
    "@babel/runtime" "^7.3.1"
    "@react-spring/animated" "9.0.0-canary.809.5.f01ecc2"
    "@react-spring/core" "9.0.0-canary.809.5.f01ecc2"
    "@react-spring/shared" "9.0.0-canary.809.5.f01ecc2"

"@types/classnames@^2.2.7":
  version "2.2.9"
  resolved "https://registry.yarnpkg.com/@types/classnames/-/classnames-2.2.9.tgz#d868b6febb02666330410fe7f58f3c4b8258be7b"
  integrity sha512-MNl+rT5UmZeilaPxAVs6YaPC2m6aA8rofviZbhbxpPpl61uKodfdQVsBtgJGTqGizEf02oW3tsVe7FYB8kK14A==

"@types/prop-types@*":
  version "15.7.3"
  resolved "https://registry.yarnpkg.com/@types/prop-types/-/prop-types-15.7.3.tgz#2ab0d5da2e5815f94b0b9d4b95d1e5f243ab2ca7"
  integrity sha512-KfRL3PuHmqQLOG+2tGpRO26Ctg+Cq1E01D2DMriKEATHgWLfeNDmq9e29Q9WIky0dQ3NPkd1mzYH8Lm936Z9qw==

"@types/react-dom@^16.8.3":
  version "16.9.4"
  resolved "https://registry.yarnpkg.com/@types/react-dom/-/react-dom-16.9.4.tgz#0b58df09a60961dcb77f62d4f1832427513420df"
  integrity sha512-fya9xteU/n90tda0s+FtN5Ym4tbgxpq/hb/Af24dvs6uYnYn+fspaxw5USlw0R8apDNwxsqumdRoCoKitckQqw==
  dependencies:
    "@types/react" "*"

"@types/react@*", "@types/react@^16.8.10":
  version "16.9.16"
  resolved "https://registry.yarnpkg.com/@types/react/-/react-16.9.16.tgz#4f12515707148b1f53a8eaa4341dae5dfefb066d"
  integrity sha512-dQ3wlehuBbYlfvRXfF5G+5TbZF3xqgkikK7DWAsQXe2KnzV+kjD4W2ea+ThCrKASZn9h98bjjPzoTYzfRqyBkw==
  dependencies:
    "@types/prop-types" "*"
    csstype "^2.2.0"

csstype@^2.2.0:
  version "2.6.8"
  resolved "https://registry.yarnpkg.com/csstype/-/csstype-2.6.8.tgz#0fb6fc2417ffd2816a418c9336da74d7f07db431"
  integrity sha512-msVS9qTuMT5zwAGCVm4mxfrZ18BNc6Csd0oJAtiFMZ1FAx1CCvy2+5MDmYoix63LM/6NDbNtodCiGYGmFgO0dA==

react-gesture-gallery@^1.1.0:
  version "1.1.0"
  resolved "https://registry.yarnpkg.com/react-gesture-gallery/-/react-gesture-gallery-1.1.0.tgz#9c2bddeaa0ebb68681724f28f1cb1ea3d118b679"
  integrity sha512-596ABR6cORz1WfjDTcmlTZwTl/dvfWAHx6INuegeCn1njHBV+y01jbxk9bik7yR+WKqW6WPOZwOWNxlxUuG4Mg==
  dependencies:
    "@types/react" "^16.8.10"
    "@types/react-dom" "^16.8.3"
    react-page-controller "^3.1.0"
    tslib "^1.9.3"

react-gesture-responder@^2.1.0:
  version "2.1.0"
  resolved "https://registry.yarnpkg.com/react-gesture-responder/-/react-gesture-responder-2.1.0.tgz#204606dc23e388d6d51d0f27d4acf7ede2bd10ba"
  integrity sha512-uXfFNOtSus5zo2u2WoXMmfAWLdbAYvubmA4AOk9UyLO9n7koVagvSHW7MOUEnhE+F6NeVuyTc+8pyZxLKwyxmg==
  dependencies:
    "@types/react" "^16.8.10"
    "@types/react-dom" "^16.8.3"
    tslib "^1.9.3"

react-page-controller@^3.1.0:
  version "3.1.0"
  resolved "https://registry.yarnpkg.com/react-page-controller/-/react-page-controller-3.1.0.tgz#d8636db9610dcb890c3521a40e52cc4408d8352a"
  integrity sha512-DlxVC/wOcbsiEEOp5LTUfKsJEGi8SfvLyGJMONSP5cOEQEI+MO/FKNSB8IwOgkit8MccT9PPZYDchNqcORQvNQ==
  dependencies:
    "@types/classnames" "^2.2.7"
    "@types/react" "^16.8.10"
    "@types/react-dom" "^16.8.3"
    react-spring "^9.0.0-beta.31"
    resize-observer-polyfill "^1.5.1"
    tslib "^1.9.3"
    use-scroll-lock "^1.0.0"

react-spring@^9.0.0-beta.31:
  version "9.0.0-canary.809.5.f01ecc2"
  resolved "https://registry.yarnpkg.com/react-spring/-/react-spring-9.0.0-canary.809.5.f01ecc2.tgz#0ef2ec2297105df3e8a5fea297c8fa0df423e89c"
  integrity sha512-X3WE8owgEh4Hh5imAOPWrbM0+5BUAdXKm1LHcylnaDKUX+kCmxIMdSKpKRcjbGSgWjHOR8ugyG4T4FftEfPspg==
  dependencies:
    "@babel/runtime" "^7.3.1"
    "@react-spring/addons" "9.0.0-canary.809.5.f01ecc2"
    "@react-spring/core" "9.0.0-canary.809.5.f01ecc2"
    "@react-spring/konva" "9.0.0-canary.809.5.f01ecc2"
    "@react-spring/native" "9.0.0-canary.809.5.f01ecc2"
    "@react-spring/three" "9.0.0-canary.809.5.f01ecc2"
    "@react-spring/web" "9.0.0-canary.809.5.f01ecc2"
    "@react-spring/zdog" "9.0.0-canary.809.5.f01ecc2"

regenerator-runtime@^0.13.2:
  version "0.13.3"
  resolved "https://registry.yarnpkg.com/regenerator-runtime/-/regenerator-runtime-0.13.3.tgz#7cf6a77d8f5c6f60eb73c5fc1955b2ceb01e6bf5"
  integrity sha512-naKIZz2GQ8JWh///G7L3X6LaQUAMp2lvb1rvwwsURe/VXwD6VMfr+/1NuNw3ag8v2kY1aQ/go5SNn79O9JU7yw==

resize-observer-polyfill@^1.5.1:
  version "1.5.1"
  resolved "https://registry.yarnpkg.com/resize-observer-polyfill/-/resize-observer-polyfill-1.5.1.tgz#0e9020dd3d21024458d4ebd27e23e40269810464"
  integrity sha512-LwZrotdHOo12nQuZlHEmtuXdqGoOD0OhaxopaNFxWzInpEgaLWoVuAMbTzixuosCx2nEG58ngzW3vxdWoxIgdg==

scroll-lock@^2.1.2:
  version "2.1.2"
  resolved "https://registry.yarnpkg.com/scroll-lock/-/scroll-lock-2.1.2.tgz#f550a2985bf38365b1cba314e3132d23956e6c21"
  integrity sha512-m/gjn3+bOtyc4jS9fE4FYOLypzRDoV3vICnA0kz6TVUL4gQWUVqPT9cqaU2FbMo9doNDBKiBV2pP8L2+98We5g==

tslib@^1.9.3:
  version "1.10.0"
  resolved "https://registry.yarnpkg.com/tslib/-/tslib-1.10.0.tgz#c3c19f95973fb0a62973fb09d90d961ee43e5c8a"
  integrity sha512-qOebF53frne81cf0S9B41ByenJ3/IuH8yJKngAX35CmiZySA0khhkovshKK+jGCaMnVomla7gVlIcc3EvKPbTQ==

use-memo-one@^1.1.0:
  version "1.1.1"
  resolved "https://registry.yarnpkg.com/use-memo-one/-/use-memo-one-1.1.1.tgz#39e6f08fe27e422a7d7b234b5f9056af313bd22c"
  integrity sha512-oFfsyun+bP7RX8X2AskHNTxu+R3QdE/RC5IefMbqptmACAA/gfol1KDD5KRzPsGMa62sWxGZw+Ui43u6x4ddoQ==

use-scroll-lock@^1.0.0:
  version "1.0.0"
  resolved "https://registry.yarnpkg.com/use-scroll-lock/-/use-scroll-lock-1.0.0.tgz#0e3fdab6bc8fe0b9868381cac55811d6b1763b88"
  integrity sha512-XqxZI0DFsEBJ7IBwhQg5pn9UXJezYmkQN7Hqo4mxAJ0XNKaRVZjY+NVnxsjjKZD0Ze6gVu8naTrkTOPyC7Y3bA==
  dependencies:
    "@types/react" "^16.8.10"
    "@types/react-dom" "^16.8.3"
    scroll-lock "^2.1.2"
    tslib "^1.9.3"
